
Microsoft Visual Studio Solution File, Format Version 12.00
# Visual Studio Version 17
VisualStudioVersion = 17.11.35219.272
MinimumVisualStudioVersion = 10.0.40219.1
Project("{FAE04EC0-301F-11D3-BF4B-00C04F79EFBC}") = "parcialUno.API", "parcialUno.API\parcialUno.API.csproj", "{568D91B3-29CB-4F6E-BC23-E18F4E244C76}"
EndProject
Project("{FAE04EC0-301F-11D3-BF4B-00C04F79EFBC}") = "parcialUno.shared", "Vinculacion.shared\parcialUno.shared.csproj", "{236DE836-286A-49FA-B017-46EF424F2D40}"
EndProject
Project("{FAE04EC0-301F-11D3-BF4B-00C04F79EFBC}") = "ParcialUno.web", "ParcialUno\ParcialUno.web.csproj", "{8BBBFBD0-7DA2-4914-9045-906C22BE4144}"
EndProject
Global
	GlobalSection(SolutionConfigurationPlatforms) = preSolution
		Debug|Any CPU = Debug|Any CPU
		Release|Any CPU = Release|Any CPU
	EndGlobalSection
	GlobalSection(ProjectConfigurationPlatforms) = postSolution
		{568D91B3-29CB-4F6E-BC23-E18F4E244C76}.Debug|Any CPU.ActiveCfg = Debug|Any CPU
		{568D91B3-29CB-4F6E-BC23-E18F4E244C76}.Debug|Any CPU.Build.0 = Debug|Any CPU
		{568D91B3-29CB-4F6E-BC23-E18F4E244C76}.Release|Any CPU.ActiveCfg = Release|Any CPU
		{568D91B3-29CB-4F6E-BC23-E18F4E244C76}.Release|Any CPU.Build.0 = Release|Any CPU
		{236DE836-286A-49FA-B017-46EF424F2D40}.Debug|Any CPU.ActiveCfg = Debug|Any CPU
		{236DE836-286A-49FA-B017-46EF424F2D40}.Debug|Any CPU.Build.0 = Debug|Any CPU
		{236DE836-286A-49FA-B017-46EF424F2D40}.Release|Any CPU.ActiveCfg = Release|Any CPU
		{236DE836-286A-49FA-B017-46EF424F2D40}.Release|Any CPU.Build.0 = Release|Any CPU
		{8BBBFBD0-7DA2-4914-9045-906C22BE4144}.Debug|Any CPU.ActiveCfg = Debug|Any CPU
		{8BBBFBD0-7DA2-4914-9045-906C22BE4144}.Debug|Any CPU.Build.0 = Debug|Any CPU
		{8BBBFBD0-7DA2-4914-9045-906C22BE4144}.Release|Any CPU.ActiveCfg = Release|Any CPU
		{8BBBFBD0-7DA2-4914-9045-906C22BE4144}.Release|Any CPU.Build.0 = Release|Any CPU
	EndGlobalSection
	GlobalSection(SolutionProperties) = preSolution
		HideSolutionNode = FALSE
	EndGlobalSection
	GlobalSection(ExtensibilityGlobals) = postSolution
		SolutionGuid = {2CDBA0F8-7BEA-47DE-BF26-1C8815BA5970}
	EndGlobalSection
EndGlobal
